
Microsoft Visual Studio Solution File, Format Version 12.00
# Visual Studio 15
VisualStudioVersion = 15.0.27004.2006
MinimumVisualStudioVersion = 10.0.40219.1
Project("{FAE04EC0-301F-11D3-BF4B-00C04F79EFBC}") = "Restoran", "Restoran\Restoran.csproj", "{F592EB28-476C-45E3-BFB1-27BD6667A3DD}"
EndProject
Global
	GlobalSection(SolutionConfigurationPlatforms) = preSolution
		Debug|Any CPU = Debug|Any CPU
		Release|Any CPU = Release|Any CPU
	EndGlobalSection
	GlobalSection(ProjectConfigurationPlatforms) = postSolution
		{F592EB28-476C-45E3-BFB1-27BD6667A3DD}.Debug|Any CPU.ActiveCfg = Debug|Any CPU
		{F592EB28-476C-45E3-BFB1-27BD6667A3DD}.Debug|Any CPU.Build.0 = Debug|Any CPU
		{F592EB28-476C-45E3-BFB1-27BD6667A3DD}.Release|Any CPU.ActiveCfg = Release|Any CPU
		{F592EB28-476C-45E3-BFB1-27BD6667A3DD}.Release|Any CPU.Build.0 = Release|Any CPU
	EndGlobalSection
	GlobalSection(SolutionProperties) = preSolution
		HideSolutionNode = FALSE
	EndGlobalSection
	GlobalSection(ExtensibilityGlobals) = postSolution
		SolutionGuid = {9A97DC46-6D89-4F62-B1F0-1106B8C473BC}
	EndGlobalSection
EndGlobal
